// !$*UTF8*$!
{
	archiveVersion = 1;
	classes = {
	};
	objectVersion = 46;
	objects = {

/* Begin PBXBuildFile section */
		D204281A1BAA61420045E722 /* AppDelegate.m in Sources */ = {isa = PBXBuildFile; fileRef = D20428071BAA61420045E722 /* AppDelegate.m */; };
		D204281B1BAA61420045E722 /* LaunchScreen.xib in Resources */ = {isa = PBXBuildFile; fileRef = D20428081BAA61420045E722 /* LaunchScreen.xib */; };
		D204281C1BAA61420045E722 /* Main.storyboard in Resources */ = {isa = PBXBuildFile; fileRef = D204280A1BAA61420045E722 /* Main.storyboard */; };
		D204281D1BAA61420045E722 /* Images.xcassets in Resources */ = {isa = PBXBuildFile; fileRef = D204280C1BAA61420045E722 /* Images.xcassets */; };
		D204281E1BAA61420045E722 /* Info.plist in Resources */ = {isa = PBXBuildFile; fileRef = D204280D1BAA61420045E722 /* Info.plist */; };
		D204281F1BAA61420045E722 /* main.m in Sources */ = {isa = PBXBuildFile; fileRef = D204280E1BAA61420045E722 /* main.m */; };
		D20428201BAA61420045E722 /* ViewController.m in Sources */ = {isa = PBXBuildFile; fileRef = D20428101BAA61420045E722 /* ViewController.m */; };
		D20428211BAA61420045E722 /* WSDInputViewController.m in Sources */ = {isa = PBXBuildFile; fileRef = D20428131BAA61420045E722 /* WSDInputViewController.m */; };
		D20428221BAA61420045E722 /* WSDInputViewController.xib in Resources */ = {isa = PBXBuildFile; fileRef = D20428141BAA61420045E722 /* WSDInputViewController.xib */; };
		D20428231BAA61420045E722 /* WSDItemView.m in Sources */ = {isa = PBXBuildFile; fileRef = D20428161BAA61420045E722 /* WSDItemView.m */; };
		D20428241BAA61420045E722 /* WSDSelectionViewController.m in Sources */ = {isa = PBXBuildFile; fileRef = D20428181BAA61420045E722 /* WSDSelectionViewController.m */; };
		D20428251BAA61420045E722 /* WSDSelectionViewController.xib in Resources */ = {isa = PBXBuildFile; fileRef = D20428191BAA61420045E722 /* WSDSelectionViewController.xib */; };
/* End PBXBuildFile section */

/* Begin PBXFileReference section */
		D20428061BAA61420045E722 /* AppDelegate.h */ = {isa = PBXFileReference; fileEncoding = 4; lastKnownFileType = sourcecode.c.h; path = AppDelegate.h; sourceTree = "<group>"; };
		D20428071BAA61420045E722 /* AppDelegate.m */ = {isa = PBXFileReference; fileEncoding = 4; lastKnownFileType = sourcecode.c.objc; path = AppDelegate.m; sourceTree = "<group>"; };
		D20428091BAA61420045E722 /* Base */ = {isa = PBXFileReference; lastKnownFileType = file.xib; name = Base; path = Base.lproj/LaunchScreen.xib; sourceTree = "<group>"; };
		D204280B1BAA61420045E722 /* Base */ = {isa = PBXFileReference; lastKnownFileType = file.storyboard; name = Base; path = Base.lproj/Main.storyboard; sourceTree = "<group>"; };
		D204280C1BAA61420045E722 /* Images.xcassets */ = {isa = PBXFileReference; lastKnownFileType = folder.assetcatalog; path = Images.xcassets; sourceTree = "<group>"; };
		D204280D1BAA61420045E722 /* Info.plist */ = {isa = PBXFileReference; fileEncoding = 4; lastKnownFileType = text.plist.xml; path = Info.plist; sourceTree = "<group>"; };
		D204280E1BAA61420045E722 /* main.m */ = {isa = PBXFileReference; fileEncoding = 4; lastKnownFileType = sourcecode.c.objc; path = main.m; sourceTree = "<group>"; };
		D204280F1BAA61420045E722 /* ViewController.h */ = {isa = PBXFileReference; fileEncoding = 4; lastKnownFileType = sourcecode.c.h; path = ViewController.h; sourceTree = "<group>"; };
		D20428101BAA61420045E722 /* ViewController.m */ = {isa = PBXFileReference; fileEncoding = 4; lastKnownFileType = sourcecode.c.objc; path = ViewController.m; sourceTree = "<group>"; };
		D20428121BAA61420045E722 /* WSDInputViewController.h */ = {isa = PBXFileReference; fileEncoding = 4; lastKnownFileType = sourcecode.c.h; path = WSDInputViewController.h; sourceTree = "<group>"; };
		D20428131BAA61420045E722 /* WSDInputViewController.m */ = {isa = PBXFileReference; fileEncoding = 4; lastKnownFileType = sourcecode.c.objc; path = WSDInputViewController.m; sourceTree = "<group>"; };
		D20428141BAA61420045E722 /* WSDInputViewController.xib */ = {isa = PBXFileReference; fileEncoding = 4; lastKnownFileType = file.xib; path = WSDInputViewController.xib; sourceTree = "<group>"; };
		D20428151BAA61420045E722 /* WSDItemView.h */ = {isa = PBXFileReference; fileEncoding = 4; lastKnownFileType = sourcecode.c.h; path = WSDItemView.h; sourceTree = "<group>"; };
		D20428161BAA61420045E722 /* WSDItemView.m */ = {isa = PBXFileReference; fileEncoding = 4; lastKnownFileType = sourcecode.c.objc; path = WSDItemView.m; sourceTree = "<group>"; };
		D20428171BAA61420045E722 /* WSDSelectionViewController.h */ = {isa = PBXFileReference; fileEncoding = 4; lastKnownFileType = sourcecode.c.h; path = WSDSelectionViewController.h; sourceTree = "<group>"; };
		D20428181BAA61420045E722 /* WSDSelectionViewController.m */ = {isa = PBXFileReference; fileEncoding = 4; lastKnownFileType = sourcecode.c.objc; path = WSDSelectionViewController.m; sourceTree = "<group>"; };
		D20428191BAA61420045E722 /* WSDSelectionViewController.xib */ = {isa = PBXFileReference; fileEncoding = 4; lastKnownFileType = file.xib; path = WSDSelectionViewController.xib; sourceTree = "<group>"; };
		D2FB6F581BA6CC1700C6B394 /* WSDSelectItemDemo.app */ = {isa = PBXFileReference; explicitFileType = wrapper.application; includeInIndex = 0; path = WSDSelectItemDemo.app; sourceTree = BUILT_PRODUCTS_DIR; };
/* End PBXFileReference section */

/* Begin PBXFrameworksBuildPhase section */
		D2FB6F551BA6CC1700C6B394 /* Frameworks */ = {
			isa = PBXFrameworksBuildPhase;
			buildActionMask = 2147483647;
			files = (
			);
			runOnlyForDeploymentPostprocessing = 0;
		};
/* End PBXFrameworksBuildPhase section */

/* Begin PBXGroup section */
		2F1512FF5AC0BB050A2ABF25 /* Frameworks */ = {
			isa = PBXGroup;
			children = (
			);
			name = Frameworks;
			sourceTree = "<group>";
		};
		D20428051BAA61420045E722 /* WSDItemViewDemo */ = {
			isa = PBXGroup;
			children = (
				D20428061BAA61420045E722 /* AppDelegate.h */,
				D20428071BAA61420045E722 /* AppDelegate.m */,
				D20428081BAA61420045E722 /* LaunchScreen.xib */,
				D204280A1BAA61420045E722 /* Main.storyboard */,
				D204280C1BAA61420045E722 /* Images.xcassets */,
				D204280D1BAA61420045E722 /* Info.plist */,
				D204280E1BAA61420045E722 /* main.m */,
				D204280F1BAA61420045E722 /* ViewController.h */,
				D20428101BAA61420045E722 /* ViewController.m */,
				D20428111BAA61420045E722 /* WSDSelectItem */,
			);
			path = WSDItemViewDemo;
			sourceTree = "<group>";
		};
		D20428111BAA61420045E722 /* WSDSelectItem */ = {
			isa = PBXGroup;
			children = (
				D20428121BAA61420045E722 /* WSDInputViewController.h */,
				D20428131BAA61420045E722 /* WSDInputViewController.m */,
				D20428141BAA61420045E722 /* WSDInputViewController.xib */,
				D20428151BAA61420045E722 /* WSDItemView.h */,
				D20428161BAA61420045E722 /* WSDItemView.m */,
				D20428171BAA61420045E722 /* WSDSelectionViewController.h */,
				D20428181BAA61420045E722 /* WSDSelectionViewController.m */,
				D20428191BAA61420045E722 /* WSDSelectionViewController.xib */,
			);
			path = WSDSelectItem;
			sourceTree = "<group>";
		};
		D2FB6F4F1BA6CC1700C6B394 = {
			isa = PBXGroup;
			children = (
				D20428051BAA61420045E722 /* WSDItemViewDemo */,
				D2FB6F591BA6CC1700C6B394 /* Products */,
				2F1512FF5AC0BB050A2ABF25 /* Frameworks */,
			);
			sourceTree = "<group>";
		};
		D2FB6F591BA6CC1700C6B394 /* Products */ = {
			isa = PBXGroup;
			children = (
				D2FB6F581BA6CC1700C6B394 /* WSDSelectItemDemo.app */,
			);
			name = Products;
			sourceTree = "<group>";
		};
/* End PBXGroup section */

/* Begin PBXNativeTarget section */
		D2FB6F571BA6CC1700C6B394 /* WSDSelectItemDemo */ = {
			isa = PBXNativeTarget;
			buildConfigurationList = D2FB6F7B1BA6CC1700C6B394 /* Build configuration list for PBXNativeTarget "WSDSelectItemDemo" */;
			buildPhases = (
				D2FB6F541BA6CC1700C6B394 /* Sources */,
				D2FB6F551BA6CC1700C6B394 /* Frameworks */,
				D2FB6F561BA6CC1700C6B394 /* Resources */,
			);
			buildRules = (
			);
			dependencies = (
			);
			name = WSDSelectItemDemo;
			productName = WSDSelectItemDemo;
			productReference = D2FB6F581BA6CC1700C6B394 /* WSDSelectItemDemo.app */;
			productType = "com.apple.product-type.application";
		};
/* End PBXNativeTarget section */

/* Begin PBXProject section */
		D2FB6F501BA6CC1700C6B394 /* Project object */ = {
			isa = PBXProject;
			attributes = {
				LastUpgradeCheck = 0640;
				ORGANIZATIONNAME = WSD;
				TargetAttributes = {
					D2FB6F571BA6CC1700C6B394 = {
						CreatedOnToolsVersion = 6.4;
					};
				};
			};
			buildConfigurationList = D2FB6F531BA6CC1700C6B394 /* Build configuration list for PBXProject "WSDItemViewDemo" */;
			compatibilityVersion = "Xcode 3.2";
			developmentRegion = English;
			hasScannedForEncodings = 0;
			knownRegions = (
				en,
				Base,
			);
			mainGroup = D2FB6F4F1BA6CC1700C6B394;
			productRefGroup = D2FB6F591BA6CC1700C6B394 /* Products */;
			projectDirPath = "";
			projectRoot = "";
			targets = (
				D2FB6F571BA6CC1700C6B394 /* WSDSelectItemDemo */,
			);
		};
/* End PBXProject section */

/* Begin PBXResourcesBuildPhase section */
		D2FB6F561BA6CC1700C6B394 /* Resources */ = {
			isa = PBXResourcesBuildPhase;
			buildActionMask = 2147483647;
			files = (
				D204281C1BAA61420045E722 /* Main.storyboard in Resources */,
				D204281D1BAA61420045E722 /* Images.xcassets in Resources */,
				D204281E1BAA61420045E722 /* Info.plist in Resources */,
				D20428221BAA61420045E722 /* WSDInputViewController.xib in Resources */,
				D204281B1BAA61420045E722 /* LaunchScreen.xib in Resources */,
				D20428251BAA61420045E722 /* WSDSelectionViewController.xib in Resources */,
			);
			runOnlyForDeploymentPostprocessing = 0;
		};
/* End PBXResourcesBuildPhase section */

/* Begin PBXSourcesBuildPhase section */
		D2FB6F541BA6CC1700C6B394 /* Sources */ = {
			isa = PBXSourcesBuildPhase;
			buildActionMask = 2147483647;
			files = (
				D20428211BAA61420045E722 /* WSDInputViewController.m in Sources */,
				D20428201BAA61420045E722 /* ViewController.m in Sources */,
				D20428231BAA61420045E722 /* WSDItemView.m in Sources */,
				D204281F1BAA61420045E722 /* main.m in Sources */,
				D20428241BAA61420045E722 /* WSDSelectionViewController.m in Sources */,
				D204281A1BAA61420045E722 /* AppDelegate.m in Sources */,
			);
			runOnlyForDeploymentPostprocessing = 0;
		};
/* End PBXSourcesBuildPhase section */

/* Begin PBXVariantGroup section */
		D20428081BAA61420045E722 /* LaunchScreen.xib */ = {
			isa = PBXVariantGroup;
			children = (
				D20428091BAA61420045E722 /* Base */,
			);
			name = LaunchScreen.xib;
			sourceTree = "<group>";
		};
		D204280A1BAA61420045E722 /* Main.storyboard */ = {
			isa = PBXVariantGroup;
			children = (
				D204280B1BAA61420045E722 /* Base */,
			);
			name = Main.storyboard;
			sourceTree = "<group>";
		};
/* End PBXVariantGroup section */

/* Begin XCBuildConfiguration section */
		D2FB6F791BA6CC1700C6B394 /* Debug */ = {
			isa = XCBuildConfiguration;
			buildSettings = {
				ALWAYS_SEARCH_USER_PATHS = NO;
				CLANG_CXX_LANGUAGE_STANDARD = "gnu++0x";
				CLANG_CXX_LIBRARY = "libc++";
				CLANG_ENABLE_MODULES = YES;
				CLANG_ENABLE_OBJC_ARC = YES;
				CLANG_WARN_BOOL_CONVERSION = YES;
				CLANG_WARN_CONSTANT_CONVERSION = YES;
				CLANG_WARN_DIRECT_OBJC_ISA_USAGE = YES_ERROR;
				CLANG_WARN_EMPTY_BODY = YES;
				CLANG_WARN_ENUM_CONVERSION = YES;
				CLANG_WARN_INT_CONVERSION = YES;
				CLANG_WARN_OBJC_ROOT_CLASS = YES_ERROR;
				CLANG_WARN_UNREACHABLE_CODE = YES;
				CLANG_WARN__DUPLICATE_METHOD_MATCH = YES;
				"CODE_SIGN_IDENTITY[sdk=iphoneos*]" = "iPhone Developer";
				COPY_PHASE_STRIP = NO;
				DEBUG_INFORMATION_FORMAT = "dwarf-with-dsym";
				ENABLE_STRICT_OBJC_MSGSEND = YES;
				GCC_C_LANGUAGE_STANDARD = gnu99;
				GCC_DYNAMIC_NO_PIC = NO;
				GCC_NO_COMMON_BLOCKS = YES;
				GCC_OPTIMIZATION_LEVEL = 0;
				GCC_PREPROCESSOR_DEFINITIONS = (
					"DEBUG=1",
					"$(inherited)",
				);
				GCC_SYMBOLS_PRIVATE_EXTERN = NO;
				GCC_WARN_64_TO_32_BIT_CONVERSION = YES;
				GCC_WARN_ABOUT_RETURN_TYPE = YES_ERROR;
				GCC_WARN_UNDECLARED_SELECTOR = YES;
				GCC_WARN_UNINITIALIZED_AUTOS = YES_AGGRESSIVE;
				GCC_WARN_UNUSED_FUNCTION = YES;
				GCC_WARN_UNUSED_VARIABLE = YES;
				IPHONEOS_DEPLOYMENT_TARGET = 8.4;
				MTL_ENABLE_DEBUG_INFO = YES;
				ONLY_ACTIVE_ARCH = YES;
				SDKROOT = iphoneos;
			};
			name = Debug;
		};
		D2FB6F7A1BA6CC1700C6B394 /* Release */ = {
			isa = XCBuildConfiguration;
			buildSettings = {
				ALWAYS_SEARCH_USER_PATHS = NO;
				CLANG_CXX_LANGUAGE_STANDARD = "gnu++0x";
				CLANG_CXX_LIBRARY = "libc++";
				CLANG_ENABLE_MODULES = YES;
				CLANG_ENABLE_OBJC_ARC = YES;
				CLANG_WARN_BOOL_CONVERSION = YES;
				CLANG_WARN_CONSTANT_CONVERSION = YES;
				CLANG_WARN_DIRECT_OBJC_ISA_USAGE = YES_ERROR;
				CLANG_WARN_EMPTY_BODY = YES;
				CLANG_WARN_ENUM_CONVERSION = YES;
				CLANG_WARN_INT_CONVERSION = YES;
				CLANG_WARN_OBJC_ROOT_CLASS = YES_ERROR;
				CLANG_WARN_UNREACHABLE_CODE = YES;
				CLANG_WARN__DUPLICATE_METHOD_MATCH = YES;
				"CODE_SIGN_IDENTITY[sdk=iphoneos*]" = "iPhone Developer";
				COPY_PHASE_STRIP = NO;
				DEBUG_INFORMATION_FORMAT = "dwarf-with-dsym";
				ENABLE_NS_ASSERTIONS = NO;
				ENABLE_STRICT_OBJC_MSGSEND = YES;
				GCC_C_LANGUAGE_STANDARD = gnu99;
				GCC_NO_COMMON_BLOCKS = YES;
				GCC_WARN_64_TO_32_BIT_CONVERSION = YES;
				GCC_WARN_ABOUT_RETURN_TYPE = YES_ERROR;
				GCC_WARN_UNDECLARED_SELECTOR = YES;
				GCC_WARN_UNINITIALIZED_AUTOS = YES_AGGRESSIVE;
				GCC_WARN_UNUSED_FUNCTION = YES;
				GCC_WARN_UNUSED_VARIABLE = YES;
				IPHONEOS_DEPLOYMENT_TARGET = 8.4;
				MTL_ENABLE_DEBUG_INFO = NO;
				SDKROOT = iphoneos;
				VALIDATE_PRODUCT = YES;
			};
			name = Release;
		};
		D2FB6F7C1BA6CC1700C6B394 /* Debug */ = {
			isa = XCBuildConfiguration;
			buildSettings = {
				ASSETCATALOG_COMPILER_APPICON_NAME = AppIcon;
				INFOPLIST_FILE = "$(SRCROOT)/WSDItemViewDemo/Info.plist";
				LD_RUNPATH_SEARCH_PATHS = "$(inherited) @executable_path/Frameworks";
				PRODUCT_NAME = "$(TARGET_NAME)";
			};
			name = Debug;
		};
		D2FB6F7D1BA6CC1700C6B394 /* Release */ = {
			isa = XCBuildConfiguration;
			buildSettings = {
				ASSETCATALOG_COMPILER_APPICON_NAME = AppIcon;
				INFOPLIST_FILE = "$(SRCROOT)/WSDItemViewDemo/Info.plist";
				LD_RUNPATH_SEARCH_PATHS = "$(inherited) @executable_path/Frameworks";
				PRODUCT_NAME = "$(TARGET_NAME)";
			};
			name = Release;
		};
/* End XCBuildConfiguration section */

/* Begin XCConfigurationList section */
		D2FB6F531BA6CC1700C6B394 /* Build configuration list for PBXProject "WSDItemViewDemo" */ = {
			isa = XCConfigurationList;
			buildConfigurations = (
				D2FB6F791BA6CC1700C6B394 /* Debug */,
				D2FB6F7A1BA6CC1700C6B394 /* Release */,
			);
			defaultConfigurationIsVisible = 0;
			defaultConfigurationName = Release;
		};
		D2FB6F7B1BA6CC1700C6B394 /* Build configuration list for PBXNativeTarget "WSDSelectItemDemo" */ = {
			isa = XCConfigurationList;
			buildConfigurations = (
				D2FB6F7C1BA6CC1700C6B394 /* Debug */,
				D2FB6F7D1BA6CC1700C6B394 /* Release */,
			);
			defaultConfigurationIsVisible = 0;
			defaultConfigurationName = Release;
		};
/* End XCConfigurationList section */
	};
	rootObject = D2FB6F501BA6CC1700C6B394 /* Project object */;
}
